// !$*UTF8*$!
{
	archiveVersion = 1;
	classes = {
	};
	objectVersion = 46;
	objects = {

/* Begin PBXBuildFile section */
		D3B4BAE31A2434DD00FDE739 /* main.m in Sources */ = {isa = PBXBuildFile; fileRef = D3B4BAE21A2434DD00FDE739 /* main.m */; };
		D3B4BAE61A2434DD00FDE739 /* AppDelegate.m in Sources */ = {isa = PBXBuildFile; fileRef = D3B4BAE51A2434DD00FDE739 /* AppDelegate.m */; };
		D3B4BAE91A2434DD00FDE739 /* ViewController.m in Sources */ = {isa = PBXBuildFile; fileRef = D3B4BAE81A2434DD00FDE739 /* ViewController.m */; };
		D3B4BAEC1A2434DD00FDE739 /* Main.storyboard in Resources */ = {isa = PBXBuildFile; fileRef = D3B4BAEA1A2434DD00FDE739 /* Main.storyboard */; };
		D3B4BAEE1A2434DD00FDE739 /* Images.xcassets in Resources */ = {isa = PBXBuildFile; fileRef = D3B4BAED1A2434DD00FDE739 /* Images.xcassets */; };
		D3B4BAF11A2434DD00FDE739 /* LaunchScreen.xib in Resources */ = {isa = PBXBuildFile; fileRef = D3B4BAEF1A2434DD00FDE739 /* LaunchScreen.xib */; };
		D3B4BAFD1A2434DD00FDE739 /* GRNetworkDemoTests.m in Sources */ = {isa = PBXBuildFile; fileRef = D3B4BAFC1A2434DD00FDE739 /* GRNetworkDemoTests.m */; };
/* End PBXBuildFile section */

/* Begin PBXContainerItemProxy section */
		D3B4BAF71A2434DD00FDE739 /* PBXContainerItemProxy */ = {
			isa = PBXContainerItemProxy;
			containerPortal = D3B4BAD51A2434DD00FDE739 /* Project object */;
			proxyType = 1;
			remoteGlobalIDString = D3B4BADC1A2434DD00FDE739;
			remoteInfo = GRNetworkDemo;
		};
/* End PBXContainerItemProxy section */

/* Begin PBXFileReference section */
		D3B4BADD1A2434DD00FDE739 /* GRNetworkDemo.app */ = {isa = PBXFileReference; explicitFileType = wrapper.application; includeInIndex = 0; path = GRNetworkDemo.app; sourceTree = BUILT_PRODUCTS_DIR; };
		D3B4BAE11A2434DD00FDE739 /* Info.plist */ = {isa = PBXFileReference; lastKnownFileType = text.plist.xml; path = Info.plist; sourceTree = "<group>"; };
		D3B4BAE21A2434DD00FDE739 /* main.m */ = {isa = PBXFileReference; lastKnownFileType = sourcecode.c.objc; path = main.m; sourceTree = "<group>"; };
		D3B4BAE41A2434DD00FDE739 /* AppDelegate.h */ = {isa = PBXFileReference; lastKnownFileType = sourcecode.c.h; path = AppDelegate.h; sourceTree = "<group>"; };
		D3B4BAE51A2434DD00FDE739 /* AppDelegate.m */ = {isa = PBXFileReference; lastKnownFileType = sourcecode.c.objc; path = AppDelegate.m; sourceTree = "<group>"; };
		D3B4BAE71A2434DD00FDE739 /* ViewController.h */ = {isa = PBXFileReference; lastKnownFileType = sourcecode.c.h; path = ViewController.h; sourceTree = "<group>"; };
		D3B4BAE81A2434DD00FDE739 /* ViewController.m */ = {isa = PBXFileReference; lastKnownFileType = sourcecode.c.objc; path = ViewController.m; sourceTree = "<group>"; };
		D3B4BAEB1A2434DD00FDE739 /* Base */ = {isa = PBXFileReference; lastKnownFileType = file.storyboard; name = Base; path = Base.lproj/Main.storyboard; sourceTree = "<group>"; };
		D3B4BAED1A2434DD00FDE739 /* Images.xcassets */ = {isa = PBXFileReference; lastKnownFileType = folder.assetcatalog; path = Images.xcassets; sourceTree = "<group>"; };
		D3B4BAF01A2434DD00FDE739 /* Base */ = {isa = PBXFileReference; lastKnownFileType = file.xib; name = Base; path = Base.lproj/LaunchScreen.xib; sourceTree = "<group>"; };
		D3B4BAF61A2434DD00FDE739 /* GRNetworkDemoTests.xctest */ = {isa = PBXFileReference; explicitFileType = wrapper.cfbundle; includeInIndex = 0; path = GRNetworkDemoTests.xctest; sourceTree = BUILT_PRODUCTS_DIR; };
		D3B4BAFB1A2434DD00FDE739 /* Info.plist */ = {isa = PBXFileReference; lastKnownFileType = text.plist.xml; path = Info.plist; sourceTree = "<group>"; };
		D3B4BAFC1A2434DD00FDE739 /* GRNetworkDemoTests.m */ = {isa = PBXFileReference; lastKnownFileType = sourcecode.c.objc; path = GRNetworkDemoTests.m; sourceTree = "<group>"; };
/* End PBXFileReference section */

/* Begin PBXFrameworksBuildPhase section */
		D3B4BADA1A2434DD00FDE739 /* Frameworks */ = {
			isa = PBXFrameworksBuildPhase;
			buildActionMask = 2147483647;
			files = (
			);
			runOnlyForDeploymentPostprocessing = 0;
		};
		D3B4BAF31A2434DD00FDE739 /* Frameworks */ = {
			isa = PBXFrameworksBuildPhase;
			buildActionMask = 2147483647;
			files = (
			);
			runOnlyForDeploymentPostprocessing = 0;
		};
/* End PBXFrameworksBuildPhase section */

/* Begin PBXGroup section */
		D3B4BAD41A2434DD00FDE739 = {
			isa = PBXGroup;
			children = (
				D3B4BADF1A2434DD00FDE739 /* GRNetworkDemo */,
				D3B4BAF91A2434DD00FDE739 /* GRNetworkDemoTests */,
				D3B4BADE1A2434DD00FDE739 /* Products */,
			);
			sourceTree = "<group>";
		};
		D3B4BADE1A2434DD00FDE739 /* Products */ = {
			isa = PBXGroup;
			children = (
				D3B4BADD1A2434DD00FDE739 /* GRNetworkDemo.app */,
				D3B4BAF61A2434DD00FDE739 /* GRNetworkDemoTests.xctest */,
			);
			name = Products;
			sourceTree = "<group>";
		};
		D3B4BADF1A2434DD00FDE739 /* GRNetworkDemo */ = {
			isa = PBXGroup;
			children = (
				D3B4BAE41A2434DD00FDE739 /* AppDelegate.h */,
				D3B4BAE51A2434DD00FDE739 /* AppDelegate.m */,
				D3B4BAE71A2434DD00FDE739 /* ViewController.h */,
				D3B4BAE81A2434DD00FDE739 /* ViewController.m */,
				D3B4BAEA1A2434DD00FDE739 /* Main.storyboard */,
				D3B4BAED1A2434DD00FDE739 /* Images.xcassets */,
				D3B4BAEF1A2434DD00FDE739 /* LaunchScreen.xib */,
				D3B4BAE01A2434DD00FDE739 /* Supporting Files */,
			);
			path = GRNetworkDemo;
			sourceTree = "<group>";
		};
		D3B4BAE01A2434DD00FDE739 /* Supporting Files */ = {
			isa = PBXGroup;
			children = (
				D3B4BAE11A2434DD00FDE739 /* Info.plist */,
				D3B4BAE21A2434DD00FDE739 /* main.m */,
			);
			name = "Supporting Files";
			sourceTree = "<group>";
		};
		D3B4BAF91A2434DD00FDE739 /* GRNetworkDemoTests */ = {
			isa = PBXGroup;
			children = (
				D3B4BAFC1A2434DD00FDE739 /* GRNetworkDemoTests.m */,
				D3B4BAFA1A2434DD00FDE739 /* Supporting Files */,
			);
			path = GRNetworkDemoTests;
			sourceTree = "<group>";
		};
		D3B4BAFA1A2434DD00FDE739 /* Supporting Files */ = {
			isa = PBXGroup;
			children = (
				D3B4BAFB1A2434DD00FDE739 /* Info.plist */,
			);
			name = "Supporting Files";
			sourceTree = "<group>";
		};
/* End PBXGroup section */

/* Begin PBXNativeTarget section */
		D3B4BADC1A2434DD00FDE739 /* GRNetworkDemo */ = {
			isa = PBXNativeTarget;
			buildConfigurationList = D3B4BB001A2434DD00FDE739 /* Build configuration list for PBXNativeTarget "GRNetworkDemo" */;
			buildPhases = (
				D3B4BAD91A2434DD00FDE739 /* Sources */,
				D3B4BADA1A2434DD00FDE739 /* Frameworks */,
				D3B4BADB1A2434DD00FDE739 /* Resources */,
			);
			buildRules = (
			);
			dependencies = (
			);
			name = GRNetworkDemo;
			productName = GRNetworkDemo;
			productReference = D3B4BADD1A2434DD00FDE739 /* GRNetworkDemo.app */;
			productType = "com.apple.product-type.application";
		};
		D3B4BAF51A2434DD00FDE739 /* GRNetworkDemoTests */ = {
			isa = PBXNativeTarget;
			buildConfigurationList = D3B4BB031A2434DD00FDE739 /* Build configuration list for PBXNativeTarget "GRNetworkDemoTests" */;
			buildPhases = (
				D3B4BAF21A2434DD00FDE739 /* Sources */,
				D3B4BAF31A2434DD00FDE739 /* Frameworks */,
				D3B4BAF41A2434DD00FDE739 /* Resources */,
			);
			buildRules = (
			);
			dependencies = (
				D3B4BAF81A2434DD00FDE739 /* PBXTargetDependency */,
			);
			name = GRNetworkDemoTests;
			productName = GRNetworkDemoTests;
			productReference = D3B4BAF61A2434DD00FDE739 /* GRNetworkDemoTests.xctest */;
			productType = "com.apple.product-type.bundle.unit-test";
		};
/* End PBXNativeTarget section */

/* Begin PBXProject section */
		D3B4BAD51A2434DD00FDE739 /* Project object */ = {
			isa = PBXProject;
			attributes = {
				LastUpgradeCheck = 0610;
				ORGANIZATIONNAME = YiLiFILM;
				TargetAttributes = {
					D3B4BADC1A2434DD00FDE739 = {
						CreatedOnToolsVersion = 6.1;
					};
					D3B4BAF51A2434DD00FDE739 = {
						CreatedOnToolsVersion = 6.1;
						TestTargetID = D3B4BADC1A2434DD00FDE739;
					};
				};
			};
			buildConfigurationList = D3B4BAD81A2434DD00FDE739 /* Build configuration list for PBXProject "GRNetworkDemo" */;
			compatibilityVersion = "Xcode 3.2";
			developmentRegion = English;
			hasScannedForEncodings = 0;
			knownRegions = (
				en,
				Base,
			);
			mainGroup = D3B4BAD41A2434DD00FDE739;
			productRefGroup = D3B4BADE1A2434DD00FDE739 /* Products */;
			projectDirPath = "";
			projectRoot = "";
			targets = (
				D3B4BADC1A2434DD00FDE739 /* GRNetworkDemo */,
				D3B4BAF51A2434DD00FDE739 /* GRNetworkDemoTests */,
			);
		};
/* End PBXProject section */

/* Begin PBXResourcesBuildPhase section */
		D3B4BADB1A2434DD00FDE739 /* Resources */ = {
			isa = PBXResourcesBuildPhase;
			buildActionMask = 2147483647;
			files = (
				D3B4BAEC1A2434DD00FDE739 /* Main.storyboard in Resources */,
				D3B4BAF11A2434DD00FDE739 /* LaunchScreen.xib in Resources */,
				D3B4BAEE1A2434DD00FDE739 /* Images.xcassets in Resources */,
			);
			runOnlyForDeploymentPostprocessing = 0;
		};
		D3B4BAF41A2434DD00FDE739 /* Resources */ = {
			isa = PBXResourcesBuildPhase;
			buildActionMask = 2147483647;
			files = (
			);
			runOnlyForDeploymentPostprocessing = 0;
		};
/* End PBXResourcesBuildPhase section */

/* Begin PBXSourcesBuildPhase section */
		D3B4BAD91A2434DD00FDE739 /* Sources */ = {
			isa = PBXSourcesBuildPhase;
			buildActionMask = 2147483647;
			files = (
				D3B4BAE91A2434DD00FDE739 /* ViewController.m in Sources */,
				D3B4BAE61A2434DD00FDE739 /* AppDelegate.m in Sources */,
				D3B4BAE31A2434DD00FDE739 /* main.m in Sources */,
			);
			runOnlyForDeploymentPostprocessing = 0;
		};
		D3B4BAF21A2434DD00FDE739 /* Sources */ = {
			isa = PBXSourcesBuildPhase;
			buildActionMask = 2147483647;
			files = (
				D3B4BAFD1A2434DD00FDE739 /* GRNetworkDemoTests.m in Sources */,
			);
			runOnlyForDeploymentPostprocessing = 0;
		};
/* End PBXSourcesBuildPhase section */

/* Begin PBXTargetDependency section */
		D3B4BAF81A2434DD00FDE739 /* PBXTargetDependency */ = {
			isa = PBXTargetDependency;
			target = D3B4BADC1A2434DD00FDE739 /* GRNetworkDemo */;
			targetProxy = D3B4BAF71A2434DD00FDE739 /* PBXContainerItemProxy */;
		};
/* End PBXTargetDependency section */

/* Begin PBXVariantGroup section */
		D3B4BAEA1A2434DD00FDE739 /* Main.storyboard */ = {
			isa = PBXVariantGroup;
			children = (
				D3B4BAEB1A2434DD00FDE739 /* Base */,
			);
			name = Main.storyboard;
			sourceTree = "<group>";
		};
		D3B4BAEF1A2434DD00FDE739 /* LaunchScreen.xib */ = {
			isa = PBXVariantGroup;
			children = (
				D3B4BAF01A2434DD00FDE739 /* Base */,
			);
			name = LaunchScreen.xib;
			sourceTree = "<group>";
		};
/* End PBXVariantGroup section */

/* Begin XCBuildConfiguration section */
		D3B4BAFE1A2434DD00FDE739 /* Debug */ = {
			isa = XCBuildConfiguration;
			buildSettings = {
				ALWAYS_SEARCH_USER_PATHS = NO;
				CLANG_CXX_LANGUAGE_STANDARD = "gnu++0x";
				CLANG_CXX_LIBRARY = "libc++";
				CLANG_ENABLE_MODULES = YES;
				CLANG_ENABLE_OBJC_ARC = YES;
				CLANG_WARN_BOOL_CONVERSION = YES;
				CLANG_WARN_CONSTANT_CONVERSION = YES;
				CLANG_WARN_DIRECT_OBJC_ISA_USAGE = YES_ERROR;
				CLANG_WARN_EMPTY_BODY = YES;
				CLANG_WARN_ENUM_CONVERSION = YES;
				CLANG_WARN_INT_CONVERSION = YES;
				CLANG_WARN_OBJC_ROOT_CLASS = YES_ERROR;
				CLANG_WARN_UNREACHABLE_CODE = YES;
				CLANG_WARN__DUPLICATE_METHOD_MATCH = YES;
				"CODE_SIGN_IDENTITY[sdk=iphoneos*]" = "iPhone Developer";
				COPY_PHASE_STRIP = NO;
				ENABLE_STRICT_OBJC_MSGSEND = YES;
				GCC_C_LANGUAGE_STANDARD = gnu99;
				GCC_DYNAMIC_NO_PIC = NO;
				GCC_OPTIMIZATION_LEVEL = 0;
				GCC_PREPROCESSOR_DEFINITIONS = (
					"DEBUG=1",
					"$(inherited)",
				);
				GCC_SYMBOLS_PRIVATE_EXTERN = NO;
				GCC_WARN_64_TO_32_BIT_CONVERSION = YES;
				GCC_WARN_ABOUT_RETURN_TYPE = YES_ERROR;
				GCC_WARN_UNDECLARED_SELECTOR = YES;
				GCC_WARN_UNINITIALIZED_AUTOS = YES_AGGRESSIVE;
				GCC_WARN_UNUSED_FUNCTION = YES;
				GCC_WARN_UNUSED_VARIABLE = YES;
				IPHONEOS_DEPLOYMENT_TARGET = 8.1;
				MTL_ENABLE_DEBUG_INFO = YES;
				ONLY_ACTIVE_ARCH = YES;
				SDKROOT = iphoneos;
			};
			name = Debug;
		};
		D3B4BAFF1A2434DD00FDE739 /* Release */ = {
			isa = XCBuildConfiguration;
			buildSettings = {
				ALWAYS_SEARCH_USER_PATHS = NO;
				CLANG_CXX_LANGUAGE_STANDARD = "gnu++0x";
				CLANG_CXX_LIBRARY = "libc++";
				CLANG_ENABLE_MODULES = YES;
				CLANG_ENABLE_OBJC_ARC = YES;
				CLANG_WARN_BOOL_CONVERSION = YES;
				CLANG_WARN_CONSTANT_CONVERSION = YES;
				CLANG_WARN_DIRECT_OBJC_ISA_USAGE = YES_ERROR;
				CLANG_WARN_EMPTY_BODY = YES;
				CLANG_WARN_ENUM_CONVERSION = YES;
				CLANG_WARN_INT_CONVERSION = YES;
				CLANG_WARN_OBJC_ROOT_CLASS = YES_ERROR;
				CLANG_WARN_UNREACHABLE_CODE = YES;
				CLANG_WARN__DUPLICATE_METHOD_MATCH = YES;
				"CODE_SIGN_IDENTITY[sdk=iphoneos*]" = "iPhone Developer";
				COPY_PHASE_STRIP = YES;
				ENABLE_NS_ASSERTIONS = NO;
				ENABLE_STRICT_OBJC_MSGSEND = YES;
				GCC_C_LANGUAGE_STANDARD = gnu99;
				GCC_WARN_64_TO_32_BIT_CONVERSION = YES;
				GCC_WARN_ABOUT_RETURN_TYPE = YES_ERROR;
				GCC_WARN_UNDECLARED_SELECTOR = YES;
				GCC_WARN_UNINITIALIZED_AUTOS = YES_AGGRESSIVE;
				GCC_WARN_UNUSED_FUNCTION = YES;
				GCC_WARN_UNUSED_VARIABLE = YES;
				IPHONEOS_DEPLOYMENT_TARGET = 8.1;
				MTL_ENABLE_DEBUG_INFO = NO;
				SDKROOT = iphoneos;
				VALIDATE_PRODUCT = YES;
			};
			name = Release;
		};
		D3B4BB011A2434DD00FDE739 /* Debug */ = {
			isa = XCBuildConfiguration;
			buildSettings = {
				ASSETCATALOG_COMPILER_APPICON_NAME = AppIcon;
				INFOPLIST_FILE = GRNetworkDemo/Info.plist;
				LD_RUNPATH_SEARCH_PATHS = "$(inherited) @executable_path/Frameworks";
				PRODUCT_NAME = "$(TARGET_NAME)";
			};
			name = Debug;
		};
		D3B4BB021A2434DD00FDE739 /* Release */ = {
			isa = XCBuildConfiguration;
			buildSettings = {
				ASSETCATALOG_COMPILER_APPICON_NAME = AppIcon;
				INFOPLIST_FILE = GRNetworkDemo/Info.plist;
				LD_RUNPATH_SEARCH_PATHS = "$(inherited) @executable_path/Frameworks";
				PRODUCT_NAME = "$(TARGET_NAME)";
			};
			name = Release;
		};
		D3B4BB041A2434DD00FDE739 /* Debug */ = {
			isa = XCBuildConfiguration;
			buildSettings = {
				BUNDLE_LOADER = "$(TEST_HOST)";
				FRAMEWORK_SEARCH_PATHS = (
					"$(SDKROOT)/Developer/Library/Frameworks",
					"$(inherited)",
				);
				GCC_PREPROCESSOR_DEFINITIONS = (
					"DEBUG=1",
					"$(inherited)",
				);
				INFOPLIST_FILE = GRNetworkDemoTests/Info.plist;
				LD_RUNPATH_SEARCH_PATHS = "$(inherited) @executable_path/Frameworks @loader_path/Frameworks";
				PRODUCT_NAME = "$(TARGET_NAME)";
				TEST_HOST = "$(BUILT_PRODUCTS_DIR)/GRNetworkDemo.app/GRNetworkDemo";
			};
			name = Debug;
		};
		D3B4BB051A2434DD00FDE739 /* Release */ = {
			isa = XCBuildConfiguration;
			buildSettings = {
				BUNDLE_LOADER = "$(TEST_HOST)";
				FRAMEWORK_SEARCH_PATHS = (
					"$(SDKROOT)/Developer/Library/Frameworks",
					"$(inherited)",
				);
				INFOPLIST_FILE = GRNetworkDemoTests/Info.plist;
				LD_RUNPATH_SEARCH_PATHS = "$(inherited) @executable_path/Frameworks @loader_path/Frameworks";
				PRODUCT_NAME = "$(TARGET_NAME)";
				TEST_HOST = "$(BUILT_PRODUCTS_DIR)/GRNetworkDemo.app/GRNetworkDemo";
			};
			name = Release;
		};
/* End XCBuildConfiguration section */

/* Begin XCConfigurationList section */
		D3B4BAD81A2434DD00FDE739 /* Build configuration list for PBXProject "GRNetworkDemo" */ = {
			isa = XCConfigurationList;
			buildConfigurations = (
				D3B4BAFE1A2434DD00FDE739 /* Debug */,
				D3B4BAFF1A2434DD00FDE739 /* Release */,
			);
			defaultConfigurationIsVisible = 0;
			defaultConfigurationName = Release;
		};
		D3B4BB001A2434DD00FDE739 /* Build configuration list for PBXNativeTarget "GRNetworkDemo" */ = {
			isa = XCConfigurationList;
			buildConfigurations = (
				D3B4BB011A2434DD00FDE739 /* Debug */,
				D3B4BB021A2434DD00FDE739 /* Release */,
			);
			defaultConfigurationIsVisible = 0;
		};
		D3B4BB031A2434DD00FDE739 /* Build configuration list for PBXNativeTarget "GRNetworkDemoTests" */ = {
			isa = XCConfigurationList;
			buildConfigurations = (
				D3B4BB041A2434DD00FDE739 /* Debug */,
				D3B4BB051A2434DD00FDE739 /* Release */,
			);
			defaultConfigurationIsVisible = 0;
		};
/* End XCConfigurationList section */
	};
	rootObject = D3B4BAD51A2434DD00FDE739 /* Project object */;
}
